// !$*UTF8*$!
{
	archiveVersion = 1;
	classes = {
	};
	objectVersion = 50;
	objects = {

/* Begin PBXBuildFile section */
		A3ABD56052981047D29DDC1C /* NSImageCgImage.m in Sources */ = {isa = PBXBuildFile; fileRef = A3ABD7808AC1E1690A2172EA /* NSImageCgImage.m */; };
		A3ABD6F43BEB409DC1433505 /* CrossPlatform.swift in Sources */ = {isa = PBXBuildFile; fileRef = A3ABDDF6C8E542991F07E11A /* CrossPlatform.swift */; };
		D71410A722076721005730EB /* CVUtils.mm in Sources */ = {isa = PBXBuildFile; fileRef = D71410A622076721005730EB /* CVUtils.mm */; };
		D71410B022076770005730EB /* DominoeDectorSettings.m in Sources */ = {isa = PBXBuildFile; fileRef = D71410A82207676F005730EB /* DominoeDectorSettings.m */; };
		D71410B122076770005730EB /* DominoeResult.m in Sources */ = {isa = PBXBuildFile; fileRef = D71410AB2207676F005730EB /* DominoeResult.m */; };
		D71410B222076770005730EB /* PipDetector.mm in Sources */ = {isa = PBXBuildFile; fileRef = D71410AC2207676F005730EB /* PipDetector.mm */; };
		D71410B322076770005730EB /* PipResult.m in Sources */ = {isa = PBXBuildFile; fileRef = D71410AF22076770005730EB /* PipResult.m */; };
		D765FB0921FCD40A00670E7C /* main.swift in Sources */ = {isa = PBXBuildFile; fileRef = D765FB0821FCD40A00670E7C /* main.swift */; };
		D765FB1C21FCFA7300670E7C /* Cocoa.framework in Frameworks */ = {isa = PBXBuildFile; fileRef = D765FB1B21FCFA7300670E7C /* Cocoa.framework */; };
		D765FB1E21FDF90000670E7C /* AppKit.framework in Frameworks */ = {isa = PBXBuildFile; fileRef = D765FB1D21FDF90000670E7C /* AppKit.framework */; };
/* End PBXBuildFile section */

/* Begin PBXCopyFilesBuildPhase section */
		D765FB0321FCD40A00670E7C /* CopyFiles */ = {
			isa = PBXCopyFilesBuildPhase;
			buildActionMask = 2147483647;
			dstPath = /usr/share/man/man1/;
			dstSubfolderSpec = 0;
			files = (
			);
			runOnlyForDeploymentPostprocessing = 1;
		};
/* End PBXCopyFilesBuildPhase section */

/* Begin PBXFileReference section */
		A3ABD4802BF687778836461F /* JDSImage.h */ = {isa = PBXFileReference; fileEncoding = 4; lastKnownFileType = sourcecode.c.h; path = JDSImage.h; sourceTree = "<group>"; };
		A3ABD7808AC1E1690A2172EA /* NSImageCgImage.m */ = {isa = PBXFileReference; fileEncoding = 4; lastKnownFileType = sourcecode.c.objc; path = NSImageCgImage.m; sourceTree = "<group>"; };
		A3ABDA5751D244F86CCC4F94 /* NSImageCgImage.h */ = {isa = PBXFileReference; fileEncoding = 4; lastKnownFileType = sourcecode.c.h; path = NSImageCgImage.h; sourceTree = "<group>"; };
		A3ABDDF6C8E542991F07E11A /* CrossPlatform.swift */ = {isa = PBXFileReference; fileEncoding = 4; lastKnownFileType = sourcecode.swift; path = CrossPlatform.swift; sourceTree = "<group>"; };
		D71410A522076721005730EB /* CVUtils.h */ = {isa = PBXFileReference; fileEncoding = 4; lastKnownFileType = sourcecode.c.h; name = CVUtils.h; path = CVUtils.h; sourceTree = "<group>"; };
		D71410A622076721005730EB /* CVUtils.mm */ = {isa = PBXFileReference; fileEncoding = 4; lastKnownFileType = sourcecode.cpp.objcpp; name = CVUtils.mm; path = CVUtils.mm; sourceTree = "<group>"; };
		D71410A82207676F005730EB /* DominoeDectorSettings.m */ = {isa = PBXFileReference; fileEncoding = 4; lastKnownFileType = sourcecode.c.objc; path = DominoeDectorSettings.m; sourceTree = "<group>"; };
		D71410A92207676F005730EB /* PipResult.h */ = {isa = PBXFileReference; fileEncoding = 4; lastKnownFileType = sourcecode.c.h; name = PipResult.h; path = PipResult.h; sourceTree = "<group>"; };
		D71410AA2207676F005730EB /* DominoeDectorSettings.h */ = {isa = PBXFileReference; fileEncoding = 4; lastKnownFileType = sourcecode.c.h; name = DominoeDectorSettings.h; path = DominoeDectorSettings.h; sourceTree = "<group>"; };
		D71410AB2207676F005730EB /* DominoeResult.m */ = {isa = PBXFileReference; fileEncoding = 4; lastKnownFileType = sourcecode.c.objc; path = DominoeResult.m; sourceTree = "<group>"; };
		D71410AC2207676F005730EB /* PipDetector.mm */ = {isa = PBXFileReference; fileEncoding = 4; lastKnownFileType = sourcecode.cpp.objcpp; path = PipDetector.mm; sourceTree = "<group>"; };
		D71410AD2207676F005730EB /* PipDetector.h */ = {isa = PBXFileReference; fileEncoding = 4; lastKnownFileType = sourcecode.c.h; path = PipDetector.h; sourceTree = "<group>"; };
		D71410AE2207676F005730EB /* DominoeResult.h */ = {isa = PBXFileReference; fileEncoding = 4; lastKnownFileType = sourcecode.c.h; path = DominoeResult.h; sourceTree = "<group>"; };
		D71410AF22076770005730EB /* PipResult.m */ = {isa = PBXFileReference; fileEncoding = 4; lastKnownFileType = sourcecode.c.objc; path = PipResult.m; sourceTree = "<group>"; };
		D765FB0521FCD40A00670E7C /* dominoe-counter */ = {isa = PBXFileReference; explicitFileType = "compiled.mach-o.executable"; includeInIndex = 0; path = "dominoe-counter"; sourceTree = BUILT_PRODUCTS_DIR; };
		D765FB0821FCD40A00670E7C /* main.swift */ = {isa = PBXFileReference; lastKnownFileType = sourcecode.swift; path = main.swift; sourceTree = "<group>"; };
		D765FB1521FCF95A00670E7C /* PrefixHeader.pch */ = {isa = PBXFileReference; lastKnownFileType = sourcecode.c.h; path = PrefixHeader.pch; sourceTree = "<group>"; };
		D765FB1621FCF99B00670E7C /* dominoe-counter-Bridging-Header.h */ = {isa = PBXFileReference; lastKnownFileType = sourcecode.c.h; path = "dominoe-counter-Bridging-Header.h"; sourceTree = "<group>"; };
		D765FB1B21FCFA7300670E7C /* Cocoa.framework */ = {isa = PBXFileReference; lastKnownFileType = wrapper.framework; name = Cocoa.framework; path = System/Library/Frameworks/Cocoa.framework; sourceTree = SDKROOT; };
		D765FB1D21FDF90000670E7C /* AppKit.framework */ = {isa = PBXFileReference; lastKnownFileType = wrapper.framework; name = AppKit.framework; path = System/Library/Frameworks/AppKit.framework; sourceTree = SDKROOT; };
/* End PBXFileReference section */

/* Begin PBXFrameworksBuildPhase section */
		D765FB0221FCD40A00670E7C /* Frameworks */ = {
			isa = PBXFrameworksBuildPhase;
			buildActionMask = 2147483647;
			files = (
				D765FB1E21FDF90000670E7C /* AppKit.framework in Frameworks */,
				D765FB1C21FCFA7300670E7C /* Cocoa.framework in Frameworks */,
			);
			runOnlyForDeploymentPostprocessing = 0;
		};
/* End PBXFrameworksBuildPhase section */

/* Begin PBXGroup section */
		D71410A322076536005730EB /* CVUtils */ = {
			isa = PBXGroup;
			children = (
				D71410A522076721005730EB /* CVUtils.h */,
				D71410A622076721005730EB /* CVUtils.mm */,
				A3ABD4802BF687778836461F /* JDSImage.h */,
				A3ABD7808AC1E1690A2172EA /* NSImageCgImage.m */,
				A3ABDA5751D244F86CCC4F94 /* NSImageCgImage.h */,
			);
			name = CVUtils;
			sourceTree = "<group>";
		};
		D71410A422076569005730EB /* DominoDetector */ = {
			isa = PBXGroup;
			children = (
				D71410AA2207676F005730EB /* DominoeDectorSettings.h */,
				D71410A82207676F005730EB /* DominoeDectorSettings.m */,
				D71410AE2207676F005730EB /* DominoeResult.h */,
				D71410AB2207676F005730EB /* DominoeResult.m */,
				D71410AD2207676F005730EB /* PipDetector.h */,
				D71410AC2207676F005730EB /* PipDetector.mm */,
				D71410A92207676F005730EB /* PipResult.h */,
				D71410AF22076770005730EB /* PipResult.m */,
			);
			name = DominoDetector;
			sourceTree = "<group>";
		};
		D765FAFC21FCD40A00670E7C = {
			isa = PBXGroup;
			children = (
				D765FB1621FCF99B00670E7C /* dominoe-counter-Bridging-Header.h */,
				D765FB0721FCD40A00670E7C /* dominoe-counter */,
				D765FB0621FCD40A00670E7C /* Products */,
				D765FB1A21FCFA7200670E7C /* Frameworks */,
			);
			sourceTree = "<group>";
		};
		D765FB0621FCD40A00670E7C /* Products */ = {
			isa = PBXGroup;
			children = (
				D765FB0521FCD40A00670E7C /* dominoe-counter */,
			);
			name = Products;
			sourceTree = "<group>";
		};
		D765FB0721FCD40A00670E7C /* dominoe-counter */ = {
			isa = PBXGroup;
			children = (
				D71410A422076569005730EB /* DominoDetector */,
				D765FB0821FCD40A00670E7C /* main.swift */,
				D765FB1521FCF95A00670E7C /* PrefixHeader.pch */,
				A3ABDDF6C8E542991F07E11A /* CrossPlatform.swift */,
				D71410A322076536005730EB /* CVUtils */,
			);
			path = "dominoe-counter";
			sourceTree = "<group>";
		};
		D765FB1A21FCFA7200670E7C /* Frameworks */ = {
			isa = PBXGroup;
			children = (
				D765FB1D21FDF90000670E7C /* AppKit.framework */,
				D765FB1B21FCFA7300670E7C /* Cocoa.framework */,
			);
			name = Frameworks;
			sourceTree = "<group>";
		};
/* End PBXGroup section */

/* Begin PBXNativeTarget section */
		D765FB0421FCD40A00670E7C /* dominoe-counter */ = {
			isa = PBXNativeTarget;
			buildConfigurationList = D765FB0C21FCD40A00670E7C /* Build configuration list for PBXNativeTarget "dominoe-counter" */;
			buildPhases = (
				D765FB0121FCD40A00670E7C /* Sources */,
				D765FB0221FCD40A00670E7C /* Frameworks */,
				D765FB0321FCD40A00670E7C /* CopyFiles */,
			);
			buildRules = (
			);
			dependencies = (
			);
			name = "dominoe-counter";
			productName = "dominoe-counter";
			productReference = D765FB0521FCD40A00670E7C /* dominoe-counter */;
			productType = "com.apple.product-type.tool";
		};
/* End PBXNativeTarget section */

/* Begin PBXProject section */
		D765FAFD21FCD40A00670E7C /* Project object */ = {
			isa = PBXProject;
			attributes = {
				LastSwiftUpdateCheck = 1010;
				LastUpgradeCheck = 1010;
				ORGANIZATIONNAME = "James Stapleton";
				TargetAttributes = {
					D765FB0421FCD40A00670E7C = {
						CreatedOnToolsVersion = 10.1;
					};
				};
			};
			buildConfigurationList = D765FB0021FCD40A00670E7C /* Build configuration list for PBXProject "dominoe-counter" */;
			compatibilityVersion = "Xcode 9.3";
			developmentRegion = en;
			hasScannedForEncodings = 0;
			knownRegions = (
				en,
			);
			mainGroup = D765FAFC21FCD40A00670E7C;
			productRefGroup = D765FB0621FCD40A00670E7C /* Products */;
			projectDirPath = "";
			projectRoot = "";
			targets = (
				D765FB0421FCD40A00670E7C /* dominoe-counter */,
			);
		};
/* End PBXProject section */

/* Begin PBXSourcesBuildPhase section */
		D765FB0121FCD40A00670E7C /* Sources */ = {
			isa = PBXSourcesBuildPhase;
			buildActionMask = 2147483647;
			files = (
				D765FB0921FCD40A00670E7C /* main.swift in Sources */,
				A3ABD6F43BEB409DC1433505 /* CrossPlatform.swift in Sources */,
				A3ABD56052981047D29DDC1C /* NSImageCgImage.m in Sources */,
				D71410B222076770005730EB /* PipDetector.mm in Sources */,
				D71410B022076770005730EB /* DominoeDectorSettings.m in Sources */,
				D71410B122076770005730EB /* DominoeResult.m in Sources */,
				D71410B322076770005730EB /* PipResult.m in Sources */,
				D71410A722076721005730EB /* CVUtils.mm in Sources */,
			);
			runOnlyForDeploymentPostprocessing = 0;
		};
/* End PBXSourcesBuildPhase section */

/* Begin XCBuildConfiguration section */
		D765FB0A21FCD40A00670E7C /* Debug */ = {
			isa = XCBuildConfiguration;
			buildSettings = {
				ALWAYS_SEARCH_USER_PATHS = NO;
				CLANG_ANALYZER_NONNULL = YES;
				CLANG_ANALYZER_NUMBER_OBJECT_CONVERSION = YES_AGGRESSIVE;
				CLANG_CXX_LANGUAGE_STANDARD = "gnu++14";
				CLANG_CXX_LIBRARY = "libc++";
				CLANG_ENABLE_MODULES = YES;
				CLANG_ENABLE_OBJC_ARC = YES;
				CLANG_ENABLE_OBJC_WEAK = YES;
				CLANG_WARN_BLOCK_CAPTURE_AUTORELEASING = YES;
				CLANG_WARN_BOOL_CONVERSION = YES;
				CLANG_WARN_COMMA = YES;
				CLANG_WARN_CONSTANT_CONVERSION = YES;
				CLANG_WARN_DEPRECATED_OBJC_IMPLEMENTATIONS = YES;
				CLANG_WARN_DIRECT_OBJC_ISA_USAGE = YES_ERROR;
				CLANG_WARN_DOCUMENTATION_COMMENTS = YES;
				CLANG_WARN_EMPTY_BODY = YES;
				CLANG_WARN_ENUM_CONVERSION = YES;
				CLANG_WARN_INFINITE_RECURSION = YES;
				CLANG_WARN_INT_CONVERSION = YES;
				CLANG_WARN_NON_LITERAL_NULL_CONVERSION = YES;
				CLANG_WARN_OBJC_IMPLICIT_RETAIN_SELF = YES;
				CLANG_WARN_OBJC_LITERAL_CONVERSION = YES;
				CLANG_WARN_OBJC_ROOT_CLASS = YES_ERROR;
				CLANG_WARN_RANGE_LOOP_ANALYSIS = YES;
				CLANG_WARN_STRICT_PROTOTYPES = YES;
				CLANG_WARN_SUSPICIOUS_MOVE = YES;
				CLANG_WARN_UNGUARDED_AVAILABILITY = YES_AGGRESSIVE;
				CLANG_WARN_UNREACHABLE_CODE = YES;
				CLANG_WARN__DUPLICATE_METHOD_MATCH = YES;
				CODE_SIGN_IDENTITY = "Mac Developer";
				COPY_PHASE_STRIP = NO;
				DEBUG_INFORMATION_FORMAT = dwarf;
				ENABLE_STRICT_OBJC_MSGSEND = YES;
				ENABLE_TESTABILITY = YES;
				GCC_C_LANGUAGE_STANDARD = gnu11;
				GCC_DYNAMIC_NO_PIC = NO;
				GCC_NO_COMMON_BLOCKS = YES;
				GCC_OPTIMIZATION_LEVEL = 0;
				GCC_PREPROCESSOR_DEFINITIONS = (
					"DEBUG=1",
					"$(inherited)",
				);
				GCC_WARN_64_TO_32_BIT_CONVERSION = YES;
				GCC_WARN_ABOUT_RETURN_TYPE = YES_ERROR;
				GCC_WARN_UNDECLARED_SELECTOR = YES;
				GCC_WARN_UNINITIALIZED_AUTOS = YES_AGGRESSIVE;
				GCC_WARN_UNUSED_FUNCTION = YES;
				GCC_WARN_UNUSED_VARIABLE = YES;
				MACOSX_DEPLOYMENT_TARGET = 10.14;
				MTL_ENABLE_DEBUG_INFO = INCLUDE_SOURCE;
				MTL_FAST_MATH = YES;
				ONLY_ACTIVE_ARCH = YES;
				SDKROOT = macosx;
				SWIFT_ACTIVE_COMPILATION_CONDITIONS = DEBUG;
				SWIFT_OPTIMIZATION_LEVEL = "-Onone";
			};
			name = Debug;
		};
		D765FB0B21FCD40A00670E7C /* Release */ = {
			isa = XCBuildConfiguration;
			buildSettings = {
				ALWAYS_SEARCH_USER_PATHS = NO;
				CLANG_ANALYZER_NONNULL = YES;
				CLANG_ANALYZER_NUMBER_OBJECT_CONVERSION = YES_AGGRESSIVE;
				CLANG_CXX_LANGUAGE_STANDARD = "gnu++14";
				CLANG_CXX_LIBRARY = "libc++";
				CLANG_ENABLE_MODULES = YES;
				CLANG_ENABLE_OBJC_ARC = YES;
				CLANG_ENABLE_OBJC_WEAK = YES;
				CLANG_WARN_BLOCK_CAPTURE_AUTORELEASING = YES;
				CLANG_WARN_BOOL_CONVERSION = YES;
				CLANG_WARN_COMMA = YES;
				CLANG_WARN_CONSTANT_CONVERSION = YES;
				CLANG_WARN_DEPRECATED_OBJC_IMPLEMENTATIONS = YES;
				CLANG_WARN_DIRECT_OBJC_ISA_USAGE = YES_ERROR;
				CLANG_WARN_DOCUMENTATION_COMMENTS = YES;
				CLANG_WARN_EMPTY_BODY = YES;
				CLANG_WARN_ENUM_CONVERSION = YES;
				CLANG_WARN_INFINITE_RECURSION = YES;
				CLANG_WARN_INT_CONVERSION = YES;
				CLANG_WARN_NON_LITERAL_NULL_CONVERSION = YES;
				CLANG_WARN_OBJC_IMPLICIT_RETAIN_SELF = YES;
				CLANG_WARN_OBJC_LITERAL_CONVERSION = YES;
				CLANG_WARN_OBJC_ROOT_CLASS = YES_ERROR;
				CLANG_WARN_RANGE_LOOP_ANALYSIS = YES;
				CLANG_WARN_STRICT_PROTOTYPES = YES;
				CLANG_WARN_SUSPICIOUS_MOVE = YES;
				CLANG_WARN_UNGUARDED_AVAILABILITY = YES_AGGRESSIVE;
				CLANG_WARN_UNREACHABLE_CODE = YES;
				CLANG_WARN__DUPLICATE_METHOD_MATCH = YES;
				CODE_SIGN_IDENTITY = "Mac Developer";
				COPY_PHASE_STRIP = NO;
				DEBUG_INFORMATION_FORMAT = "dwarf-with-dsym";
				ENABLE_NS_ASSERTIONS = NO;
				ENABLE_STRICT_OBJC_MSGSEND = YES;
				GCC_C_LANGUAGE_STANDARD = gnu11;
				GCC_NO_COMMON_BLOCKS = YES;
				GCC_WARN_64_TO_32_BIT_CONVERSION = YES;
				GCC_WARN_ABOUT_RETURN_TYPE = YES_ERROR;
				GCC_WARN_UNDECLARED_SELECTOR = YES;
				GCC_WARN_UNINITIALIZED_AUTOS = YES_AGGRESSIVE;
				GCC_WARN_UNUSED_FUNCTION = YES;
				GCC_WARN_UNUSED_VARIABLE = YES;
				MACOSX_DEPLOYMENT_TARGET = 10.14;
				MTL_ENABLE_DEBUG_INFO = NO;
				MTL_FAST_MATH = YES;
				SDKROOT = macosx;
				SWIFT_COMPILATION_MODE = wholemodule;
				SWIFT_OPTIMIZATION_LEVEL = "-O";
			};
			name = Release;
		};
		D765FB0D21FCD40A00670E7C /* Debug */ = {
			isa = XCBuildConfiguration;
			buildSettings = {
				CODE_SIGN_STYLE = Automatic;
				DEVELOPMENT_TEAM = Y96BF79XJS;
				GCC_PREFIX_HEADER = "$(SRCROOT)/dominoe-counter/PrefixHeader.pch";
				LIBRARY_SEARCH_PATHS = /usr/local/Cellar/opencv/4.0.1/lib/;
				OTHER_LDFLAGS = (
					"-lopencv_core",
					"-lopencv_shape",
					"-lopencv_imgcodecs",
					"-lopencv_imgproc",
					"-lopencv_objdetect",
					"-lopencv_features2d",
					"-lopencv_photo",
				);
				PRODUCT_NAME = "$(TARGET_NAME)";
				SWIFT_OBJC_BRIDGING_HEADER = "dominoe-counter-Bridging-Header.h";
				SWIFT_VERSION = 4.2;
				SYSTEM_HEADER_SEARCH_PATHS = /usr/local/Cellar/opencv/4.0.1/include/opencv4;
			};
			name = Debug;
		};
		D765FB0E21FCD40A00670E7C /* Release */ = {
			isa = XCBuildConfiguration;
			buildSettings = {
				CODE_SIGN_STYLE = Automatic;
				DEVELOPMENT_TEAM = Y96BF79XJS;
				GCC_PREFIX_HEADER = "$(SRCROOT)/dominoe-counter/PrefixHeader.pch";
				LIBRARY_SEARCH_PATHS = /usr/local/Cellar/opencv/4.0.1/lib/;
				OTHER_LDFLAGS = (
					"-lopencv_core",
					"-lopencv_shape",
					"-lopencv_imgcodecs",
					"-lopencv_imgproc",
					"-lopencv_objdetect",
					"-lopencv_features2d",
					"-lopencv_photo",
				);
				PRODUCT_NAME = "$(TARGET_NAME)";
				SWIFT_OBJC_BRIDGING_HEADER = "dominoe-counter-Bridging-Header.h";
				SWIFT_VERSION = 4.2;
				SYSTEM_HEADER_SEARCH_PATHS = /usr/local/Cellar/opencv/4.0.1/include/opencv4;
			};
			name = Release;
		};
/* End XCBuildConfiguration section */

/* Begin XCConfigurationList section */
		D765FB0021FCD40A00670E7C /* Build configuration list for PBXProject "dominoe-counter" */ = {
			isa = XCConfigurationList;
			buildConfigurations = (
				D765FB0A21FCD40A00670E7C /* Debug */,
				D765FB0B21FCD40A00670E7C /* Release */,
			);
			defaultConfigurationIsVisible = 0;
			defaultConfigurationName = Release;
		};
		D765FB0C21FCD40A00670E7C /* Build configuration list for PBXNativeTarget "dominoe-counter" */ = {
			isa = XCConfigurationList;
			buildConfigurations = (
				D765FB0D21FCD40A00670E7C /* Debug */,
				D765FB0E21FCD40A00670E7C /* Release */,
			);
			defaultConfigurationIsVisible = 0;
			defaultConfigurationName = Release;
		};
/* End XCConfigurationList section */
	};
	rootObject = D765FAFD21FCD40A00670E7C /* Project object */;
}
